// !$*UTF8*$!
{
	archiveVersion = 1;
	classes = {
	};
	objectVersion = 56;
	objects = {

/* Begin PBXBuildFile section */
		0D302D5229F15C0900F6970B /* Questions.swift in Sources */ = {isa = PBXBuildFile; fileRef = 0D302D5129F15C0900F6970B /* Questions.swift */; };
		0D302D5529F15C3C00F6970B /* QuestionsBox.swift in Sources */ = {isa = PBXBuildFile; fileRef = 0D302D5429F15C3C00F6970B /* QuestionsBox.swift */; };
		0D302D5729F1681800F6970B /* Teams.swift in Sources */ = {isa = PBXBuildFile; fileRef = 0D302D5629F1681800F6970B /* Teams.swift */; };
		73099D2229EEEE03003857A5 /* SnapKit in Frameworks */ = {isa = PBXBuildFile; productRef = 73099D2129EEEE03003857A5 /* SnapKit */; };
		7C8A3E1329ED7DE0004A9985 /* AppDelegate.swift in Sources */ = {isa = PBXBuildFile; fileRef = 7C8A3E1229ED7DE0004A9985 /* AppDelegate.swift */; };
		7C8A3E1529ED7DE0004A9985 /* SceneDelegate.swift in Sources */ = {isa = PBXBuildFile; fileRef = 7C8A3E1429ED7DE0004A9985 /* SceneDelegate.swift */; };
		7C8A3E1F29ED7DE2004A9985 /* LaunchScreen.storyboard in Resources */ = {isa = PBXBuildFile; fileRef = 7C8A3E1D29ED7DE2004A9985 /* LaunchScreen.storyboard */; };
		7C8A3E3729ED82BB004A9985 /* RulesViewController.swift in Sources */ = {isa = PBXBuildFile; fileRef = 7C8A3E3629ED82BB004A9985 /* RulesViewController.swift */; };
		7C8A3E3929ED82CC004A9985 /* TeamViewController.swift in Sources */ = {isa = PBXBuildFile; fileRef = 7C8A3E3829ED82CC004A9985 /* TeamViewController.swift */; };
		7C8A3E3B29ED82E9004A9985 /* CategoryViewController.swift in Sources */ = {isa = PBXBuildFile; fileRef = 7C8A3E3A29ED82E9004A9985 /* CategoryViewController.swift */; };
		7C8A3E3F29ED8310004A9985 /* CorrectViewController.swift in Sources */ = {isa = PBXBuildFile; fileRef = 7C8A3E3E29ED8310004A9985 /* CorrectViewController.swift */; };
		7C8A3E4129ED831E004A9985 /* WrongViewController.swift in Sources */ = {isa = PBXBuildFile; fileRef = 7C8A3E4029ED831E004A9985 /* WrongViewController.swift */; };
		7C8A3E4329ED832B004A9985 /* GameResultViewController.swift in Sources */ = {isa = PBXBuildFile; fileRef = 7C8A3E4229ED832B004A9985 /* GameResultViewController.swift */; };
		7C8A3E6C29ED97A0004A9985 /* Assets.xcassets in Resources */ = {isa = PBXBuildFile; fileRef = 7C8A3E6B29ED97A0004A9985 /* Assets.xcassets */; };
		7C8A3E9329EF12AA004A9985 /* MainViewController.swift in Sources */ = {isa = PBXBuildFile; fileRef = 7C8A3E9229EF12AA004A9985 /* MainViewController.swift */; };
		7C8A3E9629EF12CD004A9985 /* GameViewController.swift in Sources */ = {isa = PBXBuildFile; fileRef = 7C8A3E9529EF12CD004A9985 /* GameViewController.swift */; };
		8717978F29F3E5D6003921BF /* TeamManager.swift in Sources */ = {isa = PBXBuildFile; fileRef = 8717978E29F3E5D6003921BF /* TeamManager.swift */; };
		87F8947529EEB2CF0098BC12 /* AddSubviews.swift in Sources */ = {isa = PBXBuildFile; fileRef = 87F8947429EEB2CF0098BC12 /* AddSubviews.swift */; };
		87F8947729EEB30A0098BC12 /* CategoryView.swift in Sources */ = {isa = PBXBuildFile; fileRef = 87F8947629EEB30A0098BC12 /* CategoryView.swift */; };
		87F8947929EEB3700098BC12 /* ResultsView.swift in Sources */ = {isa = PBXBuildFile; fileRef = 87F8947829EEB3700098BC12 /* ResultsView.swift */; };
		87F8947E29EEC1940098BC12 /* Bhavuka.ttf in Resources */ = {isa = PBXBuildFile; fileRef = 87F8947D29EEC1940098BC12 /* Bhavuka.ttf */; };
		87F8948029EEC1A10098BC12 /* Cookie.ttf in Resources */ = {isa = PBXBuildFile; fileRef = 87F8947F29EEC1A10098BC12 /* Cookie.ttf */; };
		87F8948329EED8C10098BC12 /* Resources.swift in Sources */ = {isa = PBXBuildFile; fileRef = 87F8948229EED8C10098BC12 /* Resources.swift */; };
		87F8948629EFEB080098BC12 /* NavController.swift in Sources */ = {isa = PBXBuildFile; fileRef = 87F8948529EFEB080098BC12 /* NavController.swift */; };
		87F8948829EFF2760098BC12 /* Changa.ttf in Resources */ = {isa = PBXBuildFile; fileRef = 87F8948729EFF2760098BC12 /* Changa.ttf */; };
/* End PBXBuildFile section */

/* Begin PBXFileReference section */
		0D302D5129F15C0900F6970B /* Questions.swift */ = {isa = PBXFileReference; lastKnownFileType = sourcecode.swift; path = Questions.swift; sourceTree = "<group>"; };
		0D302D5429F15C3C00F6970B /* QuestionsBox.swift */ = {isa = PBXFileReference; lastKnownFileType = sourcecode.swift; path = QuestionsBox.swift; sourceTree = "<group>"; };
		0D302D5629F1681800F6970B /* Teams.swift */ = {isa = PBXFileReference; lastKnownFileType = sourcecode.swift; path = Teams.swift; sourceTree = "<group>"; };
		7C8A3E0F29ED7DE0004A9985 /* Croc Challenge.app */ = {isa = PBXFileReference; explicitFileType = wrapper.application; includeInIndex = 0; path = "Croc Challenge.app"; sourceTree = BUILT_PRODUCTS_DIR; };
		7C8A3E1229ED7DE0004A9985 /* AppDelegate.swift */ = {isa = PBXFileReference; lastKnownFileType = sourcecode.swift; path = AppDelegate.swift; sourceTree = "<group>"; };
		7C8A3E1429ED7DE0004A9985 /* SceneDelegate.swift */ = {isa = PBXFileReference; lastKnownFileType = sourcecode.swift; path = SceneDelegate.swift; sourceTree = "<group>"; };
		7C8A3E1E29ED7DE2004A9985 /* Base */ = {isa = PBXFileReference; lastKnownFileType = file.storyboard; name = Base; path = Base.lproj/LaunchScreen.storyboard; sourceTree = "<group>"; };
		7C8A3E2029ED7DE2004A9985 /* Info.plist */ = {isa = PBXFileReference; lastKnownFileType = text.plist.xml; path = Info.plist; sourceTree = "<group>"; };
		7C8A3E3629ED82BB004A9985 /* RulesViewController.swift */ = {isa = PBXFileReference; lastKnownFileType = sourcecode.swift; path = RulesViewController.swift; sourceTree = "<group>"; };
		7C8A3E3829ED82CC004A9985 /* TeamViewController.swift */ = {isa = PBXFileReference; lastKnownFileType = sourcecode.swift; path = TeamViewController.swift; sourceTree = "<group>"; };
		7C8A3E3A29ED82E9004A9985 /* CategoryViewController.swift */ = {isa = PBXFileReference; lastKnownFileType = sourcecode.swift; path = CategoryViewController.swift; sourceTree = "<group>"; };
		7C8A3E3E29ED8310004A9985 /* CorrectViewController.swift */ = {isa = PBXFileReference; lastKnownFileType = sourcecode.swift; path = CorrectViewController.swift; sourceTree = "<group>"; };
		7C8A3E4029ED831E004A9985 /* WrongViewController.swift */ = {isa = PBXFileReference; lastKnownFileType = sourcecode.swift; path = WrongViewController.swift; sourceTree = "<group>"; };
		7C8A3E4229ED832B004A9985 /* GameResultViewController.swift */ = {isa = PBXFileReference; lastKnownFileType = sourcecode.swift; path = GameResultViewController.swift; sourceTree = "<group>"; };
		7C8A3E6B29ED97A0004A9985 /* Assets.xcassets */ = {isa = PBXFileReference; lastKnownFileType = folder.assetcatalog; path = Assets.xcassets; sourceTree = "<group>"; };
		7C8A3E9229EF12AA004A9985 /* MainViewController.swift */ = {isa = PBXFileReference; fileEncoding = 4; lastKnownFileType = sourcecode.swift; path = MainViewController.swift; sourceTree = "<group>"; };
		7C8A3E9529EF12CD004A9985 /* GameViewController.swift */ = {isa = PBXFileReference; fileEncoding = 4; lastKnownFileType = sourcecode.swift; path = GameViewController.swift; sourceTree = "<group>"; };
		8717978E29F3E5D6003921BF /* TeamManager.swift */ = {isa = PBXFileReference; lastKnownFileType = sourcecode.swift; path = TeamManager.swift; sourceTree = "<group>"; };
		87F8947429EEB2CF0098BC12 /* AddSubviews.swift */ = {isa = PBXFileReference; lastKnownFileType = sourcecode.swift; path = AddSubviews.swift; sourceTree = "<group>"; };
		87F8947629EEB30A0098BC12 /* CategoryView.swift */ = {isa = PBXFileReference; lastKnownFileType = sourcecode.swift; path = CategoryView.swift; sourceTree = "<group>"; };
		87F8947829EEB3700098BC12 /* ResultsView.swift */ = {isa = PBXFileReference; lastKnownFileType = sourcecode.swift; path = ResultsView.swift; sourceTree = "<group>"; };
		87F8947D29EEC1940098BC12 /* Bhavuka.ttf */ = {isa = PBXFileReference; lastKnownFileType = file; path = Bhavuka.ttf; sourceTree = "<group>"; };
		87F8947F29EEC1A10098BC12 /* Cookie.ttf */ = {isa = PBXFileReference; lastKnownFileType = file; path = Cookie.ttf; sourceTree = "<group>"; };
		87F8948229EED8C10098BC12 /* Resources.swift */ = {isa = PBXFileReference; lastKnownFileType = sourcecode.swift; path = Resources.swift; sourceTree = "<group>"; };
		87F8948529EFEB080098BC12 /* NavController.swift */ = {isa = PBXFileReference; lastKnownFileType = sourcecode.swift; path = NavController.swift; sourceTree = "<group>"; };
		87F8948729EFF2760098BC12 /* Changa.ttf */ = {isa = PBXFileReference; lastKnownFileType = file; path = Changa.ttf; sourceTree = "<group>"; };
/* End PBXFileReference section */

/* Begin PBXFrameworksBuildPhase section */
		7C8A3E0C29ED7DE0004A9985 /* Frameworks */ = {
			isa = PBXFrameworksBuildPhase;
			buildActionMask = 2147483647;
			files = (
				73099D2229EEEE03003857A5 /* SnapKit in Frameworks */,
			);
			runOnlyForDeploymentPostprocessing = 0;
		};
/* End PBXFrameworksBuildPhase section */

/* Begin PBXGroup section */
		0D302D5329F15C1900F6970B /* Model */ = {
			isa = PBXGroup;
			children = (
				0D302D5129F15C0900F6970B /* Questions.swift */,
				0D302D5429F15C3C00F6970B /* QuestionsBox.swift */,
				0D302D5629F1681800F6970B /* Teams.swift */,
				8717978E29F3E5D6003921BF /* TeamManager.swift */,
			);
			path = Model;
			sourceTree = "<group>";
		};
		7C8A3E0629ED7DE0004A9985 = {
			isa = PBXGroup;
			children = (
				7C8A3E1129ED7DE0004A9985 /* Croc Challenge */,
				7C8A3E1029ED7DE0004A9985 /* Products */,
			);
			sourceTree = "<group>";
		};
		7C8A3E1029ED7DE0004A9985 /* Products */ = {
			isa = PBXGroup;
			children = (
				7C8A3E0F29ED7DE0004A9985 /* Croc Challenge.app */,
			);
			name = Products;
			sourceTree = "<group>";
		};
		7C8A3E1129ED7DE0004A9985 /* Croc Challenge */ = {
			isa = PBXGroup;
			children = (
				87F8948529EFEB080098BC12 /* NavController.swift */,
				0D302D5329F15C1900F6970B /* Model */,
				7C8A3E9129EF12AA004A9985 /* Main */,
				7C8A3E1229ED7DE0004A9985 /* AppDelegate.swift */,
				7C8A3E1429ED7DE0004A9985 /* SceneDelegate.swift */,
				7C8A3E3629ED82BB004A9985 /* RulesViewController.swift */,
				7C8A3E9429EF12CD004A9985 /* Game */,
				7C8A3E3829ED82CC004A9985 /* TeamViewController.swift */,
				87F8947129EEB29A0098BC12 /* Category */,
				7C8A3E3E29ED8310004A9985 /* CorrectViewController.swift */,
				7C8A3E4029ED831E004A9985 /* WrongViewController.swift */,
				87F8947229EEB2A50098BC12 /* Results */,
				87F8948129EED8AA0098BC12 /* Resources */,
				87F8947C29EEC1360098BC12 /* Fonts */,
				87F8947329EEB2B20098BC12 /* Extensions */,
				7C8A3E6B29ED97A0004A9985 /* Assets.xcassets */,
				7C8A3E1D29ED7DE2004A9985 /* LaunchScreen.storyboard */,
				7C8A3E2029ED7DE2004A9985 /* Info.plist */,
			);
			path = "Croc Challenge";
			sourceTree = "<group>";
		};
		7C8A3E9129EF12AA004A9985 /* Main */ = {
			isa = PBXGroup;
			children = (
				7C8A3E9229EF12AA004A9985 /* MainViewController.swift */,
			);
			path = Main;
			sourceTree = "<group>";
		};
		7C8A3E9429EF12CD004A9985 /* Game */ = {
			isa = PBXGroup;
			children = (
				7C8A3E9529EF12CD004A9985 /* GameViewController.swift */,
			);
			path = Game;
			sourceTree = "<group>";
		};
		87F8947129EEB29A0098BC12 /* Category */ = {
			isa = PBXGroup;
			children = (
				7C8A3E3A29ED82E9004A9985 /* CategoryViewController.swift */,
				87F8947629EEB30A0098BC12 /* CategoryView.swift */,
			);
			path = Category;
			sourceTree = "<group>";
		};
		87F8947229EEB2A50098BC12 /* Results */ = {
			isa = PBXGroup;
			children = (
				7C8A3E4229ED832B004A9985 /* GameResultViewController.swift */,
				87F8947829EEB3700098BC12 /* ResultsView.swift */,
			);
			path = Results;
			sourceTree = "<group>";
		};
		87F8947329EEB2B20098BC12 /* Extensions */ = {
			isa = PBXGroup;
			children = (
				87F8947429EEB2CF0098BC12 /* AddSubviews.swift */,
			);
			path = Extensions;
			sourceTree = "<group>";
		};
		87F8947C29EEC1360098BC12 /* Fonts */ = {
			isa = PBXGroup;
			children = (
				87F8947F29EEC1A10098BC12 /* Cookie.ttf */,
				87F8948729EFF2760098BC12 /* Changa.ttf */,
				87F8947D29EEC1940098BC12 /* Bhavuka.ttf */,
			);
			path = Fonts;
			sourceTree = "<group>";
		};
		87F8948129EED8AA0098BC12 /* Resources */ = {
			isa = PBXGroup;
			children = (
				87F8948229EED8C10098BC12 /* Resources.swift */,
			);
			path = Resources;
			sourceTree = "<group>";
		};
/* End PBXGroup section */

/* Begin PBXNativeTarget section */
		7C8A3E0E29ED7DE0004A9985 /* Croc Challenge */ = {
			isa = PBXNativeTarget;
			buildConfigurationList = 7C8A3E2329ED7DE2004A9985 /* Build configuration list for PBXNativeTarget "Croc Challenge" */;
			buildPhases = (
				7C8A3E0B29ED7DE0004A9985 /* Sources */,
				7C8A3E0C29ED7DE0004A9985 /* Frameworks */,
				7C8A3E0D29ED7DE0004A9985 /* Resources */,
			);
			buildRules = (
			);
			dependencies = (
			);
			name = "Croc Challenge";
			packageProductDependencies = (
				73099D2129EEEE03003857A5 /* SnapKit */,
			);
			productName = "Croc Challenge";
			productReference = 7C8A3E0F29ED7DE0004A9985 /* Croc Challenge.app */;
			productType = "com.apple.product-type.application";
		};
/* End PBXNativeTarget section */

/* Begin PBXProject section */
		7C8A3E0729ED7DE0004A9985 /* Project object */ = {
			isa = PBXProject;
			attributes = {
				BuildIndependentTargetsInParallel = 1;
				LastSwiftUpdateCheck = 1430;
				LastUpgradeCheck = 1430;
				TargetAttributes = {
					7C8A3E0E29ED7DE0004A9985 = {
						CreatedOnToolsVersion = 14.3;
					};
				};
			};
			buildConfigurationList = 7C8A3E0A29ED7DE0004A9985 /* Build configuration list for PBXProject "Croc Challenge" */;
			compatibilityVersion = "Xcode 14.0";
			developmentRegion = en;
			hasScannedForEncodings = 0;
			knownRegions = (
				en,
				Base,
			);
			mainGroup = 7C8A3E0629ED7DE0004A9985;
			packageReferences = (
				73099D2029EEEE03003857A5 /* XCRemoteSwiftPackageReference "SnapKit" */,
			);
			productRefGroup = 7C8A3E1029ED7DE0004A9985 /* Products */;
			projectDirPath = "";
			projectRoot = "";
			targets = (
				7C8A3E0E29ED7DE0004A9985 /* Croc Challenge */,
			);
		};
/* End PBXProject section */

/* Begin PBXResourcesBuildPhase section */
		7C8A3E0D29ED7DE0004A9985 /* Resources */ = {
			isa = PBXResourcesBuildPhase;
			buildActionMask = 2147483647;
			files = (
				7C8A3E6C29ED97A0004A9985 /* Assets.xcassets in Resources */,
				87F8948829EFF2760098BC12 /* Changa.ttf in Resources */,
				87F8947E29EEC1940098BC12 /* Bhavuka.ttf in Resources */,
				7C8A3E1F29ED7DE2004A9985 /* LaunchScreen.storyboard in Resources */,
				87F8948029EEC1A10098BC12 /* Cookie.ttf in Resources */,
			);
			runOnlyForDeploymentPostprocessing = 0;
		};
/* End PBXResourcesBuildPhase section */

/* Begin PBXSourcesBuildPhase section */
		7C8A3E0B29ED7DE0004A9985 /* Sources */ = {
			isa = PBXSourcesBuildPhase;
			buildActionMask = 2147483647;
			files = (
				0D302D5729F1681800F6970B /* Teams.swift in Sources */,
				87F8947929EEB3700098BC12 /* ResultsView.swift in Sources */,
				87F8947729EEB30A0098BC12 /* CategoryView.swift in Sources */,
				7C8A3E1329ED7DE0004A9985 /* AppDelegate.swift in Sources */,
				7C8A3E3729ED82BB004A9985 /* RulesViewController.swift in Sources */,
				87F8947529EEB2CF0098BC12 /* AddSubviews.swift in Sources */,
				0D302D5529F15C3C00F6970B /* QuestionsBox.swift in Sources */,
				0D302D5229F15C0900F6970B /* Questions.swift in Sources */,
				87F8948629EFEB080098BC12 /* NavController.swift in Sources */,
				7C8A3E1529ED7DE0004A9985 /* SceneDelegate.swift in Sources */,
				7C8A3E4329ED832B004A9985 /* GameResultViewController.swift in Sources */,
				7C8A3E9329EF12AA004A9985 /* MainViewController.swift in Sources */,
				87F8948329EED8C10098BC12 /* Resources.swift in Sources */,
				8717978F29F3E5D6003921BF /* TeamManager.swift in Sources */,
				7C8A3E9629EF12CD004A9985 /* GameViewController.swift in Sources */,
				7C8A3E3B29ED82E9004A9985 /* CategoryViewController.swift in Sources */,
				7C8A3E3929ED82CC004A9985 /* TeamViewController.swift in Sources */,
				7C8A3E4129ED831E004A9985 /* WrongViewController.swift in Sources */,
				7C8A3E3F29ED8310004A9985 /* CorrectViewController.swift in Sources */,
			);
			runOnlyForDeploymentPostprocessing = 0;
		};
/* End PBXSourcesBuildPhase section */

/* Begin PBXVariantGroup section */
		7C8A3E1D29ED7DE2004A9985 /* LaunchScreen.storyboard */ = {
			isa = PBXVariantGroup;
			children = (
				7C8A3E1E29ED7DE2004A9985 /* Base */,
			);
			name = LaunchScreen.storyboard;
			sourceTree = "<group>";
		};
/* End PBXVariantGroup section */

/* Begin XCBuildConfiguration section */
		7C8A3E2129ED7DE2004A9985 /* Debug */ = {
			isa = XCBuildConfiguration;
			buildSettings = {
				ALWAYS_SEARCH_USER_PATHS = NO;
				CLANG_ANALYZER_NONNULL = YES;
				CLANG_ANALYZER_NUMBER_OBJECT_CONVERSION = YES_AGGRESSIVE;
				CLANG_CXX_LANGUAGE_STANDARD = "gnu++20";
				CLANG_ENABLE_MODULES = YES;
				CLANG_ENABLE_OBJC_ARC = YES;
				CLANG_ENABLE_OBJC_WEAK = YES;
				CLANG_WARN_BLOCK_CAPTURE_AUTORELEASING = YES;
				CLANG_WARN_BOOL_CONVERSION = YES;
				CLANG_WARN_COMMA = YES;
				CLANG_WARN_CONSTANT_CONVERSION = YES;
				CLANG_WARN_DEPRECATED_OBJC_IMPLEMENTATIONS = YES;
				CLANG_WARN_DIRECT_OBJC_ISA_USAGE = YES_ERROR;
				CLANG_WARN_DOCUMENTATION_COMMENTS = YES;
				CLANG_WARN_EMPTY_BODY = YES;
				CLANG_WARN_ENUM_CONVERSION = YES;
				CLANG_WARN_INFINITE_RECURSION = YES;
				CLANG_WARN_INT_CONVERSION = YES;
				CLANG_WARN_NON_LITERAL_NULL_CONVERSION = YES;
				CLANG_WARN_OBJC_IMPLICIT_RETAIN_SELF = YES;
				CLANG_WARN_OBJC_LITERAL_CONVERSION = YES;
				CLANG_WARN_OBJC_ROOT_CLASS = YES_ERROR;
				CLANG_WARN_QUOTED_INCLUDE_IN_FRAMEWORK_HEADER = YES;
				CLANG_WARN_RANGE_LOOP_ANALYSIS = YES;
				CLANG_WARN_STRICT_PROTOTYPES = YES;
				CLANG_WARN_SUSPICIOUS_MOVE = YES;
				CLANG_WARN_UNGUARDED_AVAILABILITY = YES_AGGRESSIVE;
				CLANG_WARN_UNREACHABLE_CODE = YES;
				CLANG_WARN__DUPLICATE_METHOD_MATCH = YES;
				COPY_PHASE_STRIP = NO;
				DEBUG_INFORMATION_FORMAT = dwarf;
				ENABLE_STRICT_OBJC_MSGSEND = YES;
				ENABLE_TESTABILITY = YES;
				GCC_C_LANGUAGE_STANDARD = gnu11;
				GCC_DYNAMIC_NO_PIC = NO;
				GCC_NO_COMMON_BLOCKS = YES;
				GCC_OPTIMIZATION_LEVEL = 0;
				GCC_PREPROCESSOR_DEFINITIONS = (
					"DEBUG=1",
					"$(inherited)",
				);
				GCC_WARN_64_TO_32_BIT_CONVERSION = YES;
				GCC_WARN_ABOUT_RETURN_TYPE = YES_ERROR;
				GCC_WARN_UNDECLARED_SELECTOR = YES;
				GCC_WARN_UNINITIALIZED_AUTOS = YES_AGGRESSIVE;
				GCC_WARN_UNUSED_FUNCTION = YES;
				GCC_WARN_UNUSED_VARIABLE = YES;
				IPHONEOS_DEPLOYMENT_TARGET = 16.4;
				MTL_ENABLE_DEBUG_INFO = INCLUDE_SOURCE;
				MTL_FAST_MATH = YES;
				ONLY_ACTIVE_ARCH = YES;
				SDKROOT = iphoneos;
				SWIFT_ACTIVE_COMPILATION_CONDITIONS = DEBUG;
				SWIFT_OPTIMIZATION_LEVEL = "-Onone";
			};
			name = Debug;
		};
		7C8A3E2229ED7DE2004A9985 /* Release */ = {
			isa = XCBuildConfiguration;
			buildSettings = {
				ALWAYS_SEARCH_USER_PATHS = NO;
				CLANG_ANALYZER_NONNULL = YES;
				CLANG_ANALYZER_NUMBER_OBJECT_CONVERSION = YES_AGGRESSIVE;
				CLANG_CXX_LANGUAGE_STANDARD = "gnu++20";
				CLANG_ENABLE_MODULES = YES;
				CLANG_ENABLE_OBJC_ARC = YES;
				CLANG_ENABLE_OBJC_WEAK = YES;
				CLANG_WARN_BLOCK_CAPTURE_AUTORELEASING = YES;
				CLANG_WARN_BOOL_CONVERSION = YES;
				CLANG_WARN_COMMA = YES;
				CLANG_WARN_CONSTANT_CONVERSION = YES;
				CLANG_WARN_DEPRECATED_OBJC_IMPLEMENTATIONS = YES;
				CLANG_WARN_DIRECT_OBJC_ISA_USAGE = YES_ERROR;
				CLANG_WARN_DOCUMENTATION_COMMENTS = YES;
				CLANG_WARN_EMPTY_BODY = YES;
				CLANG_WARN_ENUM_CONVERSION = YES;
				CLANG_WARN_INFINITE_RECURSION = YES;
				CLANG_WARN_INT_CONVERSION = YES;
				CLANG_WARN_NON_LITERAL_NULL_CONVERSION = YES;
				CLANG_WARN_OBJC_IMPLICIT_RETAIN_SELF = YES;
				CLANG_WARN_OBJC_LITERAL_CONVERSION = YES;
				CLANG_WARN_OBJC_ROOT_CLASS = YES_ERROR;
				CLANG_WARN_QUOTED_INCLUDE_IN_FRAMEWORK_HEADER = YES;
				CLANG_WARN_RANGE_LOOP_ANALYSIS = YES;
				CLANG_WARN_STRICT_PROTOTYPES = YES;
				CLANG_WARN_SUSPICIOUS_MOVE = YES;
				CLANG_WARN_UNGUARDED_AVAILABILITY = YES_AGGRESSIVE;
				CLANG_WARN_UNREACHABLE_CODE = YES;
				CLANG_WARN__DUPLICATE_METHOD_MATCH = YES;
				COPY_PHASE_STRIP = NO;
				DEBUG_INFORMATION_FORMAT = "dwarf-with-dsym";
				ENABLE_NS_ASSERTIONS = NO;
				ENABLE_STRICT_OBJC_MSGSEND = YES;
				GCC_C_LANGUAGE_STANDARD = gnu11;
				GCC_NO_COMMON_BLOCKS = YES;
				GCC_WARN_64_TO_32_BIT_CONVERSION = YES;
				GCC_WARN_ABOUT_RETURN_TYPE = YES_ERROR;
				GCC_WARN_UNDECLARED_SELECTOR = YES;
				GCC_WARN_UNINITIALIZED_AUTOS = YES_AGGRESSIVE;
				GCC_WARN_UNUSED_FUNCTION = YES;
				GCC_WARN_UNUSED_VARIABLE = YES;
				IPHONEOS_DEPLOYMENT_TARGET = 16.4;
				MTL_ENABLE_DEBUG_INFO = NO;
				MTL_FAST_MATH = YES;
				SDKROOT = iphoneos;
				SWIFT_COMPILATION_MODE = wholemodule;
				SWIFT_OPTIMIZATION_LEVEL = "-O";
				VALIDATE_PRODUCT = YES;
			};
			name = Release;
		};
		7C8A3E2429ED7DE2004A9985 /* Debug */ = {
			isa = XCBuildConfiguration;
			buildSettings = {
				ASSETCATALOG_COMPILER_APPICON_NAME = AppIcon;
				ASSETCATALOG_COMPILER_GLOBAL_ACCENT_COLOR_NAME = AccentColor;
				ASSETCATALOG_COMPILER_INCLUDE_ALL_APPICON_ASSETS = YES;
				CODE_SIGN_STYLE = Automatic;
				CURRENT_PROJECT_VERSION = 1;
				DEVELOPMENT_TEAM = DQGB7M9JG9;
				GENERATE_INFOPLIST_FILE = YES;
				INFOPLIST_FILE = "Croc Challenge/Info.plist";
				INFOPLIST_KEY_UIApplicationSupportsIndirectInputEvents = YES;
				INFOPLIST_KEY_UILaunchStoryboardName = LaunchScreen;
				INFOPLIST_KEY_UISupportedInterfaceOrientations = UIInterfaceOrientationPortrait;
				INFOPLIST_KEY_UISupportedInterfaceOrientations_iPad = "UIInterfaceOrientationLandscapeLeft UIInterfaceOrientationLandscapeRight UIInterfaceOrientationPortrait UIInterfaceOrientationPortraitUpsideDown";
				IPHONEOS_DEPLOYMENT_TARGET = 15.0;
				LD_RUNPATH_SEARCH_PATHS = (
					"$(inherited)",
					"@executable_path/Frameworks",
				);
				MARKETING_VERSION = 1.0;
				PRODUCT_BUNDLE_IDENTIFIER = "Artem-Gorelov.Croc-Challenge";
				PRODUCT_NAME = "$(TARGET_NAME)";
				SUPPORTED_PLATFORMS = "iphoneos iphonesimulator";
				SUPPORTS_MACCATALYST = NO;
				SUPPORTS_MAC_DESIGNED_FOR_IPHONE_IPAD = YES;
				SWIFT_EMIT_LOC_STRINGS = YES;
				SWIFT_VERSION = 5.0;
				TARGETED_DEVICE_FAMILY = 1;
			};
			name = Debug;
		};
		7C8A3E2529ED7DE2004A9985 /* Release */ = {
			isa = XCBuildConfiguration;
			buildSettings = {
				ASSETCATALOG_COMPILER_APPICON_NAME = AppIcon;
				ASSETCATALOG_COMPILER_GLOBAL_ACCENT_COLOR_NAME = AccentColor;
				ASSETCATALOG_COMPILER_INCLUDE_ALL_APPICON_ASSETS = YES;
				CODE_SIGN_STYLE = Automatic;
				CURRENT_PROJECT_VERSION = 1;
				DEVELOPMENT_TEAM = DQGB7M9JG9;
				GENERATE_INFOPLIST_FILE = YES;
				INFOPLIST_FILE = "Croc Challenge/Info.plist";
				INFOPLIST_KEY_UIApplicationSupportsIndirectInputEvents = YES;
				INFOPLIST_KEY_UILaunchStoryboardName = LaunchScreen;
				INFOPLIST_KEY_UISupportedInterfaceOrientations = UIInterfaceOrientationPortrait;
				INFOPLIST_KEY_UISupportedInterfaceOrientations_iPad = "UIInterfaceOrientationLandscapeLeft UIInterfaceOrientationLandscapeRight UIInterfaceOrientationPortrait UIInterfaceOrientationPortraitUpsideDown";
				IPHONEOS_DEPLOYMENT_TARGET = 15.0;
				LD_RUNPATH_SEARCH_PATHS = (
					"$(inherited)",
					"@executable_path/Frameworks",
				);
				MARKETING_VERSION = 1.0;
				PRODUCT_BUNDLE_IDENTIFIER = "Artem-Gorelov.Croc-Challenge";
				PRODUCT_NAME = "$(TARGET_NAME)";
				SUPPORTED_PLATFORMS = "iphoneos iphonesimulator";
				SUPPORTS_MACCATALYST = NO;
				SUPPORTS_MAC_DESIGNED_FOR_IPHONE_IPAD = YES;
				SWIFT_EMIT_LOC_STRINGS = YES;
				SWIFT_VERSION = 5.0;
				TARGETED_DEVICE_FAMILY = 1;
			};
			name = Release;
		};
/* End XCBuildConfiguration section */

/* Begin XCConfigurationList section */
		7C8A3E0A29ED7DE0004A9985 /* Build configuration list for PBXProject "Croc Challenge" */ = {
			isa = XCConfigurationList;
			buildConfigurations = (
				7C8A3E2129ED7DE2004A9985 /* Debug */,
				7C8A3E2229ED7DE2004A9985 /* Release */,
			);
			defaultConfigurationIsVisible = 0;
			defaultConfigurationName = Release;
		};
		7C8A3E2329ED7DE2004A9985 /* Build configuration list for PBXNativeTarget "Croc Challenge" */ = {
			isa = XCConfigurationList;
			buildConfigurations = (
				7C8A3E2429ED7DE2004A9985 /* Debug */,
				7C8A3E2529ED7DE2004A9985 /* Release */,
			);
			defaultConfigurationIsVisible = 0;
			defaultConfigurationName = Release;
		};
/* End XCConfigurationList section */

/* Begin XCRemoteSwiftPackageReference section */
		73099D2029EEEE03003857A5 /* XCRemoteSwiftPackageReference "SnapKit" */ = {
			isa = XCRemoteSwiftPackageReference;
			repositoryURL = "https://github.com/SnapKit/SnapKit.git";
			requirement = {
				kind = exactVersion;
				version = 5.6.0;
			};
		};
/* End XCRemoteSwiftPackageReference section */

/* Begin XCSwiftPackageProductDependency section */
		73099D2129EEEE03003857A5 /* SnapKit */ = {
			isa = XCSwiftPackageProductDependency;
			package = 73099D2029EEEE03003857A5 /* XCRemoteSwiftPackageReference "SnapKit" */;
			productName = SnapKit;
		};
/* End XCSwiftPackageProductDependency section */
	};
	rootObject = 7C8A3E0729ED7DE0004A9985 /* Project object */;
}
